
Microsoft Visual Studio Solution File, Format Version 12.00
# Visual Studio 15
VisualStudioVersion = 15.0.28307.779
MinimumVisualStudioVersion = 10.0.40219.1
Project("{FAE04EC0-301F-11D3-BF4B-00C04F79EFBC}") = "Examen_Final_Ejercicio222", "Examen_Final_Ejercicio222\Examen_Final_Ejercicio222.csproj", "{E031C438-8E5E-49A8-AE2A-04CFDCAFE8E2}"
EndProject
Global
	GlobalSection(SolutionConfigurationPlatforms) = preSolution
		Debug|Any CPU = Debug|Any CPU
		Release|Any CPU = Release|Any CPU
	EndGlobalSection
	GlobalSection(ProjectConfigurationPlatforms) = postSolution
		{E031C438-8E5E-49A8-AE2A-04CFDCAFE8E2}.Debug|Any CPU.ActiveCfg = Debug|Any CPU
		{E031C438-8E5E-49A8-AE2A-04CFDCAFE8E2}.Debug|Any CPU.Build.0 = Debug|Any CPU
		{E031C438-8E5E-49A8-AE2A-04CFDCAFE8E2}.Release|Any CPU.ActiveCfg = Release|Any CPU
		{E031C438-8E5E-49A8-AE2A-04CFDCAFE8E2}.Release|Any CPU.Build.0 = Release|Any CPU
	EndGlobalSection
	GlobalSection(SolutionProperties) = preSolution
		HideSolutionNode = FALSE
	EndGlobalSection
	GlobalSection(ExtensibilityGlobals) = postSolution
		SolutionGuid = {036112E6-6EE4-4E78-91FB-D5FA917A196E}
	EndGlobalSection
EndGlobal
